// !$*UTF8*$!
{
	archiveVersion = 1;
	classes = {
	};
	objectVersion = 50;
	objects = {

/* Begin PBXBuildFile section */
		B8086C9A2175FE40004DEB6D /* AppDelegate.swift in Sources */ = {isa = PBXBuildFile; fileRef = B8086C992175FE40004DEB6D /* AppDelegate.swift */; };
		B8086C9F2175FE40004DEB6D /* Main.storyboard in Resources */ = {isa = PBXBuildFile; fileRef = B8086C9D2175FE40004DEB6D /* Main.storyboard */; };
		B8086CA42175FE43004DEB6D /* LaunchScreen.storyboard in Resources */ = {isa = PBXBuildFile; fileRef = B8086CA22175FE43004DEB6D /* LaunchScreen.storyboard */; };
		B8086CAD2175FEA1004DEB6D /* AdViewController.swift in Sources */ = {isa = PBXBuildFile; fileRef = B8086CAC2175FEA1004DEB6D /* AdViewController.swift */; };
		B8086CB32175FEEF004DEB6D /* BillboardContainer.swift in Sources */ = {isa = PBXBuildFile; fileRef = B8086CB12175FEEF004DEB6D /* BillboardContainer.swift */; };
		B8086CB42175FEEF004DEB6D /* RectangularPlane.swift in Sources */ = {isa = PBXBuildFile; fileRef = B8086CB22175FEEF004DEB6D /* RectangularPlane.swift */; };
		B8086CB72175FF96004DEB6D /* TargetView.swift in Sources */ = {isa = PBXBuildFile; fileRef = B8086CB62175FF96004DEB6D /* TargetView.swift */; };
		B8086CB921760B4E004DEB6D /* Assets.xcassets in Resources */ = {isa = PBXBuildFile; fileRef = B8086CB821760B4E004DEB6D /* Assets.xcassets */; };
		B834B75E2178A33E0002FA2F /* BillboardView.swift in Sources */ = {isa = PBXBuildFile; fileRef = B834B75D2178A33E0002FA2F /* BillboardView.swift */; };
		B834B7602178A3570002FA2F /* BillboardViewController.swift in Sources */ = {isa = PBXBuildFile; fileRef = B834B75F2178A3570002FA2F /* BillboardViewController.swift */; };
		B834B7622178A3740002FA2F /* BillboardViewController.xib in Resources */ = {isa = PBXBuildFile; fileRef = B834B7612178A3740002FA2F /* BillboardViewController.xib */; };
/* End PBXBuildFile section */

/* Begin PBXFileReference section */
		B8086C962175FE40004DEB6D /* RazeAdd.app */ = {isa = PBXFileReference; explicitFileType = wrapper.application; includeInIndex = 0; path = RazeAdd.app; sourceTree = BUILT_PRODUCTS_DIR; };
		B8086C992175FE40004DEB6D /* AppDelegate.swift */ = {isa = PBXFileReference; lastKnownFileType = sourcecode.swift; path = AppDelegate.swift; sourceTree = "<group>"; };
		B8086C9E2175FE40004DEB6D /* Base */ = {isa = PBXFileReference; lastKnownFileType = file.storyboard; name = Base; path = Base.lproj/Main.storyboard; sourceTree = "<group>"; };
		B8086CA32175FE43004DEB6D /* Base */ = {isa = PBXFileReference; lastKnownFileType = file.storyboard; name = Base; path = Base.lproj/LaunchScreen.storyboard; sourceTree = "<group>"; };
		B8086CA52175FE43004DEB6D /* Info.plist */ = {isa = PBXFileReference; lastKnownFileType = text.plist.xml; path = Info.plist; sourceTree = "<group>"; };
		B8086CAC2175FEA1004DEB6D /* AdViewController.swift */ = {isa = PBXFileReference; lastKnownFileType = sourcecode.swift; path = AdViewController.swift; sourceTree = "<group>"; };
		B8086CB12175FEEF004DEB6D /* BillboardContainer.swift */ = {isa = PBXFileReference; fileEncoding = 4; lastKnownFileType = sourcecode.swift; path = BillboardContainer.swift; sourceTree = "<group>"; };
		B8086CB22175FEEF004DEB6D /* RectangularPlane.swift */ = {isa = PBXFileReference; fileEncoding = 4; lastKnownFileType = sourcecode.swift; path = RectangularPlane.swift; sourceTree = "<group>"; };
		B8086CB62175FF96004DEB6D /* TargetView.swift */ = {isa = PBXFileReference; fileEncoding = 4; lastKnownFileType = sourcecode.swift; path = TargetView.swift; sourceTree = "<group>"; };
		B8086CB821760B4E004DEB6D /* Assets.xcassets */ = {isa = PBXFileReference; lastKnownFileType = folder.assetcatalog; path = Assets.xcassets; sourceTree = "<group>"; };
		B834B75D2178A33E0002FA2F /* BillboardView.swift */ = {isa = PBXFileReference; lastKnownFileType = sourcecode.swift; path = BillboardView.swift; sourceTree = "<group>"; };
		B834B75F2178A3570002FA2F /* BillboardViewController.swift */ = {isa = PBXFileReference; lastKnownFileType = sourcecode.swift; path = BillboardViewController.swift; sourceTree = "<group>"; };
		B834B7612178A3740002FA2F /* BillboardViewController.xib */ = {isa = PBXFileReference; lastKnownFileType = file.xib; path = BillboardViewController.xib; sourceTree = "<group>"; };
/* End PBXFileReference section */

/* Begin PBXFrameworksBuildPhase section */
		B8086C932175FE40004DEB6D /* Frameworks */ = {
			isa = PBXFrameworksBuildPhase;
			buildActionMask = 2147483647;
			files = (
			);
			runOnlyForDeploymentPostprocessing = 0;
		};
/* End PBXFrameworksBuildPhase section */

/* Begin PBXGroup section */
		B8086C8D2175FE40004DEB6D = {
			isa = PBXGroup;
			children = (
				B8086C982175FE40004DEB6D /* RazeAdd */,
				B8086C972175FE40004DEB6D /* Products */,
			);
			sourceTree = "<group>";
		};
		B8086C972175FE40004DEB6D /* Products */ = {
			isa = PBXGroup;
			children = (
				B8086C962175FE40004DEB6D /* RazeAdd.app */,
			);
			name = Products;
			sourceTree = "<group>";
		};
		B8086C982175FE40004DEB6D /* RazeAdd */ = {
			isa = PBXGroup;
			children = (
				B8086CAE2175FEBB004DEB6D /* app */,
				B8086CB02175FEEF004DEB6D /* data */,
				B8086CAB2175FE7A004DEB6D /* ui */,
				B8086CB52175FF3D004DEB6D /* res */,
			);
			path = RazeAdd;
			sourceTree = "<group>";
		};
		B8086CAB2175FE7A004DEB6D /* ui */ = {
			isa = PBXGroup;
			children = (
				B8086CB62175FF96004DEB6D /* TargetView.swift */,
				B8086CAC2175FEA1004DEB6D /* AdViewController.swift */,
				B8086C9D2175FE40004DEB6D /* Main.storyboard */,
				B8086CA22175FE43004DEB6D /* LaunchScreen.storyboard */,
				B834B75D2178A33E0002FA2F /* BillboardView.swift */,
				B834B75F2178A3570002FA2F /* BillboardViewController.swift */,
				B834B7612178A3740002FA2F /* BillboardViewController.xib */,
			);
			path = ui;
			sourceTree = "<group>";
		};
		B8086CAE2175FEBB004DEB6D /* app */ = {
			isa = PBXGroup;
			children = (
				B8086C992175FE40004DEB6D /* AppDelegate.swift */,
			);
			path = app;
			sourceTree = "<group>";
		};
		B8086CB02175FEEF004DEB6D /* data */ = {
			isa = PBXGroup;
			children = (
				B8086CB12175FEEF004DEB6D /* BillboardContainer.swift */,
				B8086CB22175FEEF004DEB6D /* RectangularPlane.swift */,
			);
			path = data;
			sourceTree = "<group>";
		};
		B8086CB52175FF3D004DEB6D /* res */ = {
			isa = PBXGroup;
			children = (
				B8086CB821760B4E004DEB6D /* Assets.xcassets */,
				B8086CA52175FE43004DEB6D /* Info.plist */,
			);
			name = res;
			sourceTree = "<group>";
		};
/* End PBXGroup section */

/* Begin PBXNativeTarget section */
		B8086C952175FE40004DEB6D /* RazeAdd */ = {
			isa = PBXNativeTarget;
			buildConfigurationList = B8086CA82175FE43004DEB6D /* Build configuration list for PBXNativeTarget "RazeAdd" */;
			buildPhases = (
				B8086C922175FE40004DEB6D /* Sources */,
				B8086C932175FE40004DEB6D /* Frameworks */,
				B8086C942175FE40004DEB6D /* Resources */,
			);
			buildRules = (
			);
			dependencies = (
			);
			name = RazeAdd;
			productName = RazeAdd;
			productReference = B8086C962175FE40004DEB6D /* RazeAdd.app */;
			productType = "com.apple.product-type.application";
		};
/* End PBXNativeTarget section */

/* Begin PBXProject section */
		B8086C8E2175FE40004DEB6D /* Project object */ = {
			isa = PBXProject;
			attributes = {
				LastSwiftUpdateCheck = 1000;
				LastUpgradeCheck = 1000;
				ORGANIZATIONNAME = Punyugi;
				TargetAttributes = {
					B8086C952175FE40004DEB6D = {
						CreatedOnToolsVersion = 10.0;
					};
				};
			};
			buildConfigurationList = B8086C912175FE40004DEB6D /* Build configuration list for PBXProject "RazeAdd" */;
			compatibilityVersion = "Xcode 9.3";
			developmentRegion = en;
			hasScannedForEncodings = 0;
			knownRegions = (
				en,
				Base,
			);
			mainGroup = B8086C8D2175FE40004DEB6D;
			productRefGroup = B8086C972175FE40004DEB6D /* Products */;
			projectDirPath = "";
			projectRoot = "";
			targets = (
				B8086C952175FE40004DEB6D /* RazeAdd */,
			);
		};
/* End PBXProject section */

/* Begin PBXResourcesBuildPhase section */
		B8086C942175FE40004DEB6D /* Resources */ = {
			isa = PBXResourcesBuildPhase;
			buildActionMask = 2147483647;
			files = (
				B8086CA42175FE43004DEB6D /* LaunchScreen.storyboard in Resources */,
				B8086CB921760B4E004DEB6D /* Assets.xcassets in Resources */,
				B834B7622178A3740002FA2F /* BillboardViewController.xib in Resources */,
				B8086C9F2175FE40004DEB6D /* Main.storyboard in Resources */,
			);
			runOnlyForDeploymentPostprocessing = 0;
		};
/* End PBXResourcesBuildPhase section */

/* Begin PBXSourcesBuildPhase section */
		B8086C922175FE40004DEB6D /* Sources */ = {
			isa = PBXSourcesBuildPhase;
			buildActionMask = 2147483647;
			files = (
				B8086C9A2175FE40004DEB6D /* AppDelegate.swift in Sources */,
				B8086CB42175FEEF004DEB6D /* RectangularPlane.swift in Sources */,
				B834B75E2178A33E0002FA2F /* BillboardView.swift in Sources */,
				B8086CAD2175FEA1004DEB6D /* AdViewController.swift in Sources */,
				B8086CB72175FF96004DEB6D /* TargetView.swift in Sources */,
				B834B7602178A3570002FA2F /* BillboardViewController.swift in Sources */,
				B8086CB32175FEEF004DEB6D /* BillboardContainer.swift in Sources */,
			);
			runOnlyForDeploymentPostprocessing = 0;
		};
/* End PBXSourcesBuildPhase section */

/* Begin PBXVariantGroup section */
		B8086C9D2175FE40004DEB6D /* Main.storyboard */ = {
			isa = PBXVariantGroup;
			children = (
				B8086C9E2175FE40004DEB6D /* Base */,
			);
			name = Main.storyboard;
			sourceTree = "<group>";
		};
		B8086CA22175FE43004DEB6D /* LaunchScreen.storyboard */ = {
			isa = PBXVariantGroup;
			children = (
				B8086CA32175FE43004DEB6D /* Base */,
			);
			name = LaunchScreen.storyboard;
			sourceTree = "<group>";
		};
/* End PBXVariantGroup section */

/* Begin XCBuildConfiguration section */
		B8086CA62175FE43004DEB6D /* Debug */ = {
			isa = XCBuildConfiguration;
			buildSettings = {
				ALWAYS_SEARCH_USER_PATHS = NO;
				CLANG_ANALYZER_NONNULL = YES;
				CLANG_ANALYZER_NUMBER_OBJECT_CONVERSION = YES_AGGRESSIVE;
				CLANG_CXX_LANGUAGE_STANDARD = "gnu++14";
				CLANG_CXX_LIBRARY = "libc++";
				CLANG_ENABLE_MODULES = YES;
				CLANG_ENABLE_OBJC_ARC = YES;
				CLANG_ENABLE_OBJC_WEAK = YES;
				CLANG_WARN_BLOCK_CAPTURE_AUTORELEASING = YES;
				CLANG_WARN_BOOL_CONVERSION = YES;
				CLANG_WARN_COMMA = YES;
				CLANG_WARN_CONSTANT_CONVERSION = YES;
				CLANG_WARN_DEPRECATED_OBJC_IMPLEMENTATIONS = YES;
				CLANG_WARN_DIRECT_OBJC_ISA_USAGE = YES_ERROR;
				CLANG_WARN_DOCUMENTATION_COMMENTS = YES;
				CLANG_WARN_EMPTY_BODY = YES;
				CLANG_WARN_ENUM_CONVERSION = YES;
				CLANG_WARN_INFINITE_RECURSION = YES;
				CLANG_WARN_INT_CONVERSION = YES;
				CLANG_WARN_NON_LITERAL_NULL_CONVERSION = YES;
				CLANG_WARN_OBJC_IMPLICIT_RETAIN_SELF = YES;
				CLANG_WARN_OBJC_LITERAL_CONVERSION = YES;
				CLANG_WARN_OBJC_ROOT_CLASS = YES_ERROR;
				CLANG_WARN_RANGE_LOOP_ANALYSIS = YES;
				CLANG_WARN_STRICT_PROTOTYPES = YES;
				CLANG_WARN_SUSPICIOUS_MOVE = YES;
				CLANG_WARN_UNGUARDED_AVAILABILITY = YES_AGGRESSIVE;
				CLANG_WARN_UNREACHABLE_CODE = YES;
				CLANG_WARN__DUPLICATE_METHOD_MATCH = YES;
				CODE_SIGN_IDENTITY = "iPhone Developer";
				COPY_PHASE_STRIP = NO;
				DEBUG_INFORMATION_FORMAT = dwarf;
				ENABLE_STRICT_OBJC_MSGSEND = YES;
				ENABLE_TESTABILITY = YES;
				GCC_C_LANGUAGE_STANDARD = gnu11;
				GCC_DYNAMIC_NO_PIC = NO;
				GCC_NO_COMMON_BLOCKS = YES;
				GCC_OPTIMIZATION_LEVEL = 0;
				GCC_PREPROCESSOR_DEFINITIONS = (
					"DEBUG=1",
					"$(inherited)",
				);
				GCC_WARN_64_TO_32_BIT_CONVERSION = YES;
				GCC_WARN_ABOUT_RETURN_TYPE = YES_ERROR;
				GCC_WARN_UNDECLARED_SELECTOR = YES;
				GCC_WARN_UNINITIALIZED_AUTOS = YES_AGGRESSIVE;
				GCC_WARN_UNUSED_FUNCTION = YES;
				GCC_WARN_UNUSED_VARIABLE = YES;
				IPHONEOS_DEPLOYMENT_TARGET = 12.0;
				MTL_ENABLE_DEBUG_INFO = INCLUDE_SOURCE;
				MTL_FAST_MATH = YES;
				ONLY_ACTIVE_ARCH = YES;
				SDKROOT = iphoneos;
				SWIFT_ACTIVE_COMPILATION_CONDITIONS = DEBUG;
				SWIFT_OPTIMIZATION_LEVEL = "-Onone";
			};
			name = Debug;
		};
		B8086CA72175FE43004DEB6D /* Release */ = {
			isa = XCBuildConfiguration;
			buildSettings = {
				ALWAYS_SEARCH_USER_PATHS = NO;
				CLANG_ANALYZER_NONNULL = YES;
				CLANG_ANALYZER_NUMBER_OBJECT_CONVERSION = YES_AGGRESSIVE;
				CLANG_CXX_LANGUAGE_STANDARD = "gnu++14";
				CLANG_CXX_LIBRARY = "libc++";
				CLANG_ENABLE_MODULES = YES;
				CLANG_ENABLE_OBJC_ARC = YES;
				CLANG_ENABLE_OBJC_WEAK = YES;
				CLANG_WARN_BLOCK_CAPTURE_AUTORELEASING = YES;
				CLANG_WARN_BOOL_CONVERSION = YES;
				CLANG_WARN_COMMA = YES;
				CLANG_WARN_CONSTANT_CONVERSION = YES;
				CLANG_WARN_DEPRECATED_OBJC_IMPLEMENTATIONS = YES;
				CLANG_WARN_DIRECT_OBJC_ISA_USAGE = YES_ERROR;
				CLANG_WARN_DOCUMENTATION_COMMENTS = YES;
				CLANG_WARN_EMPTY_BODY = YES;
				CLANG_WARN_ENUM_CONVERSION = YES;
				CLANG_WARN_INFINITE_RECURSION = YES;
				CLANG_WARN_INT_CONVERSION = YES;
				CLANG_WARN_NON_LITERAL_NULL_CONVERSION = YES;
				CLANG_WARN_OBJC_IMPLICIT_RETAIN_SELF = YES;
				CLANG_WARN_OBJC_LITERAL_CONVERSION = YES;
				CLANG_WARN_OBJC_ROOT_CLASS = YES_ERROR;
				CLANG_WARN_RANGE_LOOP_ANALYSIS = YES;
				CLANG_WARN_STRICT_PROTOTYPES = YES;
				CLANG_WARN_SUSPICIOUS_MOVE = YES;
				CLANG_WARN_UNGUARDED_AVAILABILITY = YES_AGGRESSIVE;
				CLANG_WARN_UNREACHABLE_CODE = YES;
				CLANG_WARN__DUPLICATE_METHOD_MATCH = YES;
				CODE_SIGN_IDENTITY = "iPhone Developer";
				COPY_PHASE_STRIP = NO;
				DEBUG_INFORMATION_FORMAT = "dwarf-with-dsym";
				ENABLE_NS_ASSERTIONS = NO;
				ENABLE_STRICT_OBJC_MSGSEND = YES;
				GCC_C_LANGUAGE_STANDARD = gnu11;
				GCC_NO_COMMON_BLOCKS = YES;
				GCC_WARN_64_TO_32_BIT_CONVERSION = YES;
				GCC_WARN_ABOUT_RETURN_TYPE = YES_ERROR;
				GCC_WARN_UNDECLARED_SELECTOR = YES;
				GCC_WARN_UNINITIALIZED_AUTOS = YES_AGGRESSIVE;
				GCC_WARN_UNUSED_FUNCTION = YES;
				GCC_WARN_UNUSED_VARIABLE = YES;
				IPHONEOS_DEPLOYMENT_TARGET = 12.0;
				MTL_ENABLE_DEBUG_INFO = NO;
				MTL_FAST_MATH = YES;
				SDKROOT = iphoneos;
				SWIFT_COMPILATION_MODE = wholemodule;
				SWIFT_OPTIMIZATION_LEVEL = "-O";
				VALIDATE_PRODUCT = YES;
			};
			name = Release;
		};
		B8086CA92175FE43004DEB6D /* Debug */ = {
			isa = XCBuildConfiguration;
			buildSettings = {
				ASSETCATALOG_COMPILER_APPICON_NAME = AppIcon;
				CODE_SIGN_STYLE = Automatic;
				DEVELOPMENT_TEAM = UWL7R783S6;
				INFOPLIST_FILE = RazeAdd/Info.plist;
				LD_RUNPATH_SEARCH_PATHS = (
					"$(inherited)",
					"@executable_path/Frameworks",
				);
				PRODUCT_BUNDLE_IDENTIFIER = com.punyugi.RazeAdd;
				PRODUCT_NAME = "$(TARGET_NAME)";
				SWIFT_VERSION = 4.2;
				TARGETED_DEVICE_FAMILY = "1,2";
			};
			name = Debug;
		};
		B8086CAA2175FE43004DEB6D /* Release */ = {
			isa = XCBuildConfiguration;
			buildSettings = {
				ASSETCATALOG_COMPILER_APPICON_NAME = AppIcon;
				CODE_SIGN_STYLE = Automatic;
				DEVELOPMENT_TEAM = UWL7R783S6;
				INFOPLIST_FILE = RazeAdd/Info.plist;
				LD_RUNPATH_SEARCH_PATHS = (
					"$(inherited)",
					"@executable_path/Frameworks",
				);
				PRODUCT_BUNDLE_IDENTIFIER = com.punyugi.RazeAdd;
				PRODUCT_NAME = "$(TARGET_NAME)";
				SWIFT_VERSION = 4.2;
				TARGETED_DEVICE_FAMILY = "1,2";
			};
			name = Release;
		};
/* End XCBuildConfiguration section */

/* Begin XCConfigurationList section */
		B8086C912175FE40004DEB6D /* Build configuration list for PBXProject "RazeAdd" */ = {
			isa = XCConfigurationList;
			buildConfigurations = (
				B8086CA62175FE43004DEB6D /* Debug */,
				B8086CA72175FE43004DEB6D /* Release */,
			);
			defaultConfigurationIsVisible = 0;
			defaultConfigurationName = Release;
		};
		B8086CA82175FE43004DEB6D /* Build configuration list for PBXNativeTarget "RazeAdd" */ = {
			isa = XCConfigurationList;
			buildConfigurations = (
				B8086CA92175FE43004DEB6D /* Debug */,
				B8086CAA2175FE43004DEB6D /* Release */,
			);
			defaultConfigurationIsVisible = 0;
			defaultConfigurationName = Release;
		};
/* End XCConfigurationList section */
	};
	rootObject = B8086C8E2175FE40004DEB6D /* Project object */;
}
